// !$*UTF8*$!
{
	archiveVersion = 1;
	classes = {
	};
	objectVersion = 56;
	objects = {

/* Begin PBXBuildFile section */
		460F80332A2BFD6F00F7A55B /* ShareSheet.swift in Sources */ = {isa = PBXBuildFile; fileRef = 460F80322A2BFD6F00F7A55B /* ShareSheet.swift */; };
		463A7B112A30916000563903 /* FounderViewController.swift in Sources */ = {isa = PBXBuildFile; fileRef = 463A7B102A30916000563903 /* FounderViewController.swift */; };
		466F96A02A2E638A009279C6 /* AboutUs.swift in Sources */ = {isa = PBXBuildFile; fileRef = 466F969F2A2E638A009279C6 /* AboutUs.swift */; };
		466F96A22A2E69D6009279C6 /* AboutUsTableViewController.swift in Sources */ = {isa = PBXBuildFile; fileRef = 466F96A12A2E69D6009279C6 /* AboutUsTableViewController.swift */; };
		468B39D72A2D24F9004E0017 /* AboutApp.swift in Sources */ = {isa = PBXBuildFile; fileRef = 468B39D62A2D24F9004E0017 /* AboutApp.swift */; };
		468B39D92A2D266E004E0017 /* AboutAppViewController.swift in Sources */ = {isa = PBXBuildFile; fileRef = 468B39D82A2D266E004E0017 /* AboutAppViewController.swift */; };
		469975122A27CA2D005231CC /* AppDelegate.swift in Sources */ = {isa = PBXBuildFile; fileRef = 469975112A27CA2D005231CC /* AppDelegate.swift */; };
		469975142A27CA2D005231CC /* SceneDelegate.swift in Sources */ = {isa = PBXBuildFile; fileRef = 469975132A27CA2D005231CC /* SceneDelegate.swift */; };
		469975192A27CA2D005231CC /* Main.storyboard in Resources */ = {isa = PBXBuildFile; fileRef = 469975172A27CA2D005231CC /* Main.storyboard */; };
		4699751B2A27CA2E005231CC /* Assets.xcassets in Resources */ = {isa = PBXBuildFile; fileRef = 4699751A2A27CA2E005231CC /* Assets.xcassets */; };
		4699751E2A27CA2E005231CC /* LaunchScreen.storyboard in Resources */ = {isa = PBXBuildFile; fileRef = 4699751C2A27CA2E005231CC /* LaunchScreen.storyboard */; };
		4C1038452A2DC272006A2C08 /* TimerManager.swift in Sources */ = {isa = PBXBuildFile; fileRef = 4C1038442A2DC272006A2C08 /* TimerManager.swift */; };
		4C2C4FF72A2F603D0030C24C /* BitRate.swift in Sources */ = {isa = PBXBuildFile; fileRef = 4C2C4FF62A2F603D0030C24C /* BitRate.swift */; };
		4C2C4FF92A2F7F0F0030C24C /* BitRateViewController.swift in Sources */ = {isa = PBXBuildFile; fileRef = 4C2C4FF82A2F7F0F0030C24C /* BitRateViewController.swift */; };
		4C2C4FFB2A2F9D0B0030C24C /* BitRateManager.swift in Sources */ = {isa = PBXBuildFile; fileRef = 4C2C4FFA2A2F9D0B0030C24C /* BitRateManager.swift */; };
		4C39C18C2A27D4CB00A71265 /* InfoList.swift in Sources */ = {isa = PBXBuildFile; fileRef = 4C39C18B2A27D4CB00A71265 /* InfoList.swift */; };
		4C48AA202A2A1B38003DABA5 /* InfoTableViewController.swift in Sources */ = {isa = PBXBuildFile; fileRef = 4C48AA1F2A2A1B38003DABA5 /* InfoTableViewController.swift */; };
		4C69ABC92A2CB35D009F00CB /* TimerViewController.swift in Sources */ = {isa = PBXBuildFile; fileRef = 4C69ABC82A2CB35D009F00CB /* TimerViewController.swift */; };
		4C8D44C42A98ECEE00CE0B14 /* AudioManager.swift in Sources */ = {isa = PBXBuildFile; fileRef = 4C8D44C32A98ECEE00CE0B14 /* AudioManager.swift */; };
		4C9441602A28C36C0069F70E /* StreamViewController.swift in Sources */ = {isa = PBXBuildFile; fileRef = 4C94415F2A28C36C0069F70E /* StreamViewController.swift */; };
		4C9441622A28C3AE0069F70E /* BaseNavigationController.swift in Sources */ = {isa = PBXBuildFile; fileRef = 4C9441612A28C3AE0069F70E /* BaseNavigationController.swift */; };
		4C9571BD2A9939F5003061B6 /* GoogleService-Info.plist in Resources */ = {isa = PBXBuildFile; fileRef = 4C9571BC2A9939F5003061B6 /* GoogleService-Info.plist */; };
		4C9571C02A99401D003061B6 /* FirebaseAnalytics in Frameworks */ = {isa = PBXBuildFile; productRef = 4C9571BF2A99401D003061B6 /* FirebaseAnalytics */; };
		4C9571C22A99401D003061B6 /* FirebaseFirestore in Frameworks */ = {isa = PBXBuildFile; productRef = 4C9571C12A99401D003061B6 /* FirebaseFirestore */; };
		4C9571C42A99401D003061B6 /* FirebaseRemoteConfig in Frameworks */ = {isa = PBXBuildFile; productRef = 4C9571C32A99401D003061B6 /* FirebaseRemoteConfig */; };
		4C9571C62A99401D003061B6 /* FirebaseStorage in Frameworks */ = {isa = PBXBuildFile; productRef = 4C9571C52A99401D003061B6 /* FirebaseStorage */; };
		4C9571C82A994FB0003061B6 /* FirebaseManager.swift in Sources */ = {isa = PBXBuildFile; fileRef = 4C9571C72A994FB0003061B6 /* FirebaseManager.swift */; };
		4CB515D82A2BEC7400F9E4EC /* Ext + Alert.swift in Sources */ = {isa = PBXBuildFile; fileRef = 4CB515D72A2BEC7400F9E4EC /* Ext + Alert.swift */; };
		4CB515DA2A2C0E5600F9E4EC /* Mail Ext + InfoTableVC.swift in Sources */ = {isa = PBXBuildFile; fileRef = 4CB515D92A2C0E5600F9E4EC /* Mail Ext + InfoTableVC.swift */; };
/* End PBXBuildFile section */

/* Begin PBXFileReference section */
		460F80322A2BFD6F00F7A55B /* ShareSheet.swift */ = {isa = PBXFileReference; lastKnownFileType = sourcecode.swift; path = ShareSheet.swift; sourceTree = "<group>"; };
		463A7B102A30916000563903 /* FounderViewController.swift */ = {isa = PBXFileReference; lastKnownFileType = sourcecode.swift; path = FounderViewController.swift; sourceTree = "<group>"; };
		466F969F2A2E638A009279C6 /* AboutUs.swift */ = {isa = PBXFileReference; lastKnownFileType = sourcecode.swift; path = AboutUs.swift; sourceTree = "<group>"; };
		466F96A12A2E69D6009279C6 /* AboutUsTableViewController.swift */ = {isa = PBXFileReference; lastKnownFileType = sourcecode.swift; path = AboutUsTableViewController.swift; sourceTree = "<group>"; };
		468B39D62A2D24F9004E0017 /* AboutApp.swift */ = {isa = PBXFileReference; lastKnownFileType = sourcecode.swift; path = AboutApp.swift; sourceTree = "<group>"; };
		468B39D82A2D266E004E0017 /* AboutAppViewController.swift */ = {isa = PBXFileReference; lastKnownFileType = sourcecode.swift; path = AboutAppViewController.swift; sourceTree = "<group>"; };
		4699750E2A27CA2D005231CC /* KazanSings.app */ = {isa = PBXFileReference; explicitFileType = wrapper.application; includeInIndex = 0; path = KazanSings.app; sourceTree = BUILT_PRODUCTS_DIR; };
		469975112A27CA2D005231CC /* AppDelegate.swift */ = {isa = PBXFileReference; lastKnownFileType = sourcecode.swift; path = AppDelegate.swift; sourceTree = "<group>"; };
		469975132A27CA2D005231CC /* SceneDelegate.swift */ = {isa = PBXFileReference; lastKnownFileType = sourcecode.swift; path = SceneDelegate.swift; sourceTree = "<group>"; };
		469975182A27CA2D005231CC /* Base */ = {isa = PBXFileReference; lastKnownFileType = file.storyboard; name = Base; path = Base.lproj/Main.storyboard; sourceTree = "<group>"; };
		4699751A2A27CA2E005231CC /* Assets.xcassets */ = {isa = PBXFileReference; lastKnownFileType = folder.assetcatalog; path = Assets.xcassets; sourceTree = "<group>"; };
		4699751D2A27CA2E005231CC /* Base */ = {isa = PBXFileReference; lastKnownFileType = file.storyboard; name = Base; path = Base.lproj/LaunchScreen.storyboard; sourceTree = "<group>"; };
		4699751F2A27CA2E005231CC /* Info.plist */ = {isa = PBXFileReference; lastKnownFileType = text.plist.xml; path = Info.plist; sourceTree = "<group>"; };
		4C1038442A2DC272006A2C08 /* TimerManager.swift */ = {isa = PBXFileReference; lastKnownFileType = sourcecode.swift; path = TimerManager.swift; sourceTree = "<group>"; };
		4C2C4FF62A2F603D0030C24C /* BitRate.swift */ = {isa = PBXFileReference; lastKnownFileType = sourcecode.swift; path = BitRate.swift; sourceTree = "<group>"; };
		4C2C4FF82A2F7F0F0030C24C /* BitRateViewController.swift */ = {isa = PBXFileReference; lastKnownFileType = sourcecode.swift; path = BitRateViewController.swift; sourceTree = "<group>"; };
		4C2C4FFA2A2F9D0B0030C24C /* BitRateManager.swift */ = {isa = PBXFileReference; lastKnownFileType = sourcecode.swift; path = BitRateManager.swift; sourceTree = "<group>"; };
		4C39C18B2A27D4CB00A71265 /* InfoList.swift */ = {isa = PBXFileReference; lastKnownFileType = sourcecode.swift; path = InfoList.swift; sourceTree = "<group>"; };
		4C48AA1F2A2A1B38003DABA5 /* InfoTableViewController.swift */ = {isa = PBXFileReference; lastKnownFileType = sourcecode.swift; path = InfoTableViewController.swift; sourceTree = "<group>"; };
		4C69ABC82A2CB35D009F00CB /* TimerViewController.swift */ = {isa = PBXFileReference; lastKnownFileType = sourcecode.swift; path = TimerViewController.swift; sourceTree = "<group>"; };
		4C8D44C32A98ECEE00CE0B14 /* AudioManager.swift */ = {isa = PBXFileReference; lastKnownFileType = sourcecode.swift; path = AudioManager.swift; sourceTree = "<group>"; };
		4C94415F2A28C36C0069F70E /* StreamViewController.swift */ = {isa = PBXFileReference; lastKnownFileType = sourcecode.swift; path = StreamViewController.swift; sourceTree = "<group>"; };
		4C9441612A28C3AE0069F70E /* BaseNavigationController.swift */ = {isa = PBXFileReference; lastKnownFileType = sourcecode.swift; path = BaseNavigationController.swift; sourceTree = "<group>"; };
		4C9571BC2A9939F5003061B6 /* GoogleService-Info.plist */ = {isa = PBXFileReference; fileEncoding = 4; lastKnownFileType = text.plist.xml; path = "GoogleService-Info.plist"; sourceTree = "<group>"; };
		4C9571C72A994FB0003061B6 /* FirebaseManager.swift */ = {isa = PBXFileReference; lastKnownFileType = sourcecode.swift; path = FirebaseManager.swift; sourceTree = "<group>"; };
		4CB515D72A2BEC7400F9E4EC /* Ext + Alert.swift */ = {isa = PBXFileReference; lastKnownFileType = sourcecode.swift; path = "Ext + Alert.swift"; sourceTree = "<group>"; };
		4CB515D92A2C0E5600F9E4EC /* Mail Ext + InfoTableVC.swift */ = {isa = PBXFileReference; lastKnownFileType = sourcecode.swift; path = "Mail Ext + InfoTableVC.swift"; sourceTree = "<group>"; };
/* End PBXFileReference section */

/* Begin PBXFrameworksBuildPhase section */
		4699750B2A27CA2D005231CC /* Frameworks */ = {
			isa = PBXFrameworksBuildPhase;
			buildActionMask = 2147483647;
			files = (
				4C9571C42A99401D003061B6 /* FirebaseRemoteConfig in Frameworks */,
				4C9571C62A99401D003061B6 /* FirebaseStorage in Frameworks */,
				4C9571C02A99401D003061B6 /* FirebaseAnalytics in Frameworks */,
				4C9571C22A99401D003061B6 /* FirebaseFirestore in Frameworks */,
			);
			runOnlyForDeploymentPostprocessing = 0;
		};
/* End PBXFrameworksBuildPhase section */

/* Begin PBXGroup section */
		469975052A27CA2D005231CC = {
			isa = PBXGroup;
			children = (
				469975102A27CA2D005231CC /* KazanSings */,
				4699750F2A27CA2D005231CC /* Products */,
			);
			sourceTree = "<group>";
		};
		4699750F2A27CA2D005231CC /* Products */ = {
			isa = PBXGroup;
			children = (
				4699750E2A27CA2D005231CC /* KazanSings.app */,
			);
			name = Products;
			sourceTree = "<group>";
		};
		469975102A27CA2D005231CC /* KazanSings */ = {
			isa = PBXGroup;
			children = (
				4C39C18D2A27D4D500A71265 /* Models */,
				469975272A27CA92005231CC /* Storyboards */,
				4C1038462A2DE628006A2C08 /* Services */,
				469975282A27CAC1005231CC /* ViewControllers */,
				4699752C2A27CB05005231CC /* Sources */,
				469975262A27CA5F005231CC /* Application */,
			);
			path = KazanSings;
			sourceTree = "<group>";
		};
		469975262A27CA5F005231CC /* Application */ = {
			isa = PBXGroup;
			children = (
				469975112A27CA2D005231CC /* AppDelegate.swift */,
				469975132A27CA2D005231CC /* SceneDelegate.swift */,
				4C9571BC2A9939F5003061B6 /* GoogleService-Info.plist */,
				4699751F2A27CA2E005231CC /* Info.plist */,
			);
			path = Application;
			sourceTree = "<group>";
		};
		469975272A27CA92005231CC /* Storyboards */ = {
			isa = PBXGroup;
			children = (
				469975172A27CA2D005231CC /* Main.storyboard */,
				4699751C2A27CA2E005231CC /* LaunchScreen.storyboard */,
			);
			path = Storyboards;
			sourceTree = "<group>";
		};
		469975282A27CAC1005231CC /* ViewControllers */ = {
			isa = PBXGroup;
			children = (
				4C9441612A28C3AE0069F70E /* BaseNavigationController.swift */,
				4C94415F2A28C36C0069F70E /* StreamViewController.swift */,
				4C69ABC82A2CB35D009F00CB /* TimerViewController.swift */,
				4C2C4FF82A2F7F0F0030C24C /* BitRateViewController.swift */,
				46CDE0E62A3BBBAA00C498C7 /* AboutAppTeam */,
				4CB515DB2A2C11F900F9E4EC /* Info */,
				4CB515DC2A2C121F00F9E4EC /* Extensions */,
			);
			path = ViewControllers;
			sourceTree = "<group>";
		};
		4699752C2A27CB05005231CC /* Sources */ = {
			isa = PBXGroup;
			children = (
				4699751A2A27CA2E005231CC /* Assets.xcassets */,
			);
			path = Sources;
			sourceTree = "<group>";
		};
		46CDE0E62A3BBBAA00C498C7 /* AboutAppTeam */ = {
			isa = PBXGroup;
			children = (
				468B39D82A2D266E004E0017 /* AboutAppViewController.swift */,
				466F96A12A2E69D6009279C6 /* AboutUsTableViewController.swift */,
				463A7B102A30916000563903 /* FounderViewController.swift */,
			);
			path = AboutAppTeam;
			sourceTree = "<group>";
		};
		4C1038462A2DE628006A2C08 /* Services */ = {
			isa = PBXGroup;
			children = (
				4C1038442A2DC272006A2C08 /* TimerManager.swift */,
				4C2C4FFA2A2F9D0B0030C24C /* BitRateManager.swift */,
				4C9571C72A994FB0003061B6 /* FirebaseManager.swift */,
				4C8D44C32A98ECEE00CE0B14 /* AudioManager.swift */,
			);
			path = Services;
			sourceTree = "<group>";
		};
		4C39C18D2A27D4D500A71265 /* Models */ = {
			isa = PBXGroup;
			children = (
				4C39C18B2A27D4CB00A71265 /* InfoList.swift */,
				460F80322A2BFD6F00F7A55B /* ShareSheet.swift */,
				468B39D62A2D24F9004E0017 /* AboutApp.swift */,
				466F969F2A2E638A009279C6 /* AboutUs.swift */,
				4C2C4FF62A2F603D0030C24C /* BitRate.swift */,
			);
			path = Models;
			sourceTree = "<group>";
		};
		4CB515DB2A2C11F900F9E4EC /* Info */ = {
			isa = PBXGroup;
			children = (
				4C48AA1F2A2A1B38003DABA5 /* InfoTableViewController.swift */,
				4CB515D92A2C0E5600F9E4EC /* Mail Ext + InfoTableVC.swift */,
			);
			path = Info;
			sourceTree = "<group>";
		};
		4CB515DC2A2C121F00F9E4EC /* Extensions */ = {
			isa = PBXGroup;
			children = (
				4CB515D72A2BEC7400F9E4EC /* Ext + Alert.swift */,
			);
			path = Extensions;
			sourceTree = "<group>";
		};
/* End PBXGroup section */

/* Begin PBXNativeTarget section */
		4699750D2A27CA2D005231CC /* KazanSings */ = {
			isa = PBXNativeTarget;
			buildConfigurationList = 469975222A27CA2E005231CC /* Build configuration list for PBXNativeTarget "KazanSings" */;
			buildPhases = (
				4699750A2A27CA2D005231CC /* Sources */,
				4699750B2A27CA2D005231CC /* Frameworks */,
				4699750C2A27CA2D005231CC /* Resources */,
				46E2300A2A828AFC00B24D1D /* ShellScript */,
			);
			buildRules = (
			);
			dependencies = (
			);
			name = KazanSings;
			packageProductDependencies = (
				4C9571BF2A99401D003061B6 /* FirebaseAnalytics */,
				4C9571C12A99401D003061B6 /* FirebaseFirestore */,
				4C9571C32A99401D003061B6 /* FirebaseRemoteConfig */,
				4C9571C52A99401D003061B6 /* FirebaseStorage */,
			);
			productName = KazanSings;
			productReference = 4699750E2A27CA2D005231CC /* KazanSings.app */;
			productType = "com.apple.product-type.application";
		};
/* End PBXNativeTarget section */

/* Begin PBXProject section */
		469975062A27CA2D005231CC /* Project object */ = {
			isa = PBXProject;
			attributes = {
				BuildIndependentTargetsInParallel = 1;
				LastSwiftUpdateCheck = 1420;
				LastUpgradeCheck = 1420;
				TargetAttributes = {
					4699750D2A27CA2D005231CC = {
						CreatedOnToolsVersion = 14.2;
					};
				};
			};
			buildConfigurationList = 469975092A27CA2D005231CC /* Build configuration list for PBXProject "KazanSings" */;
			compatibilityVersion = "Xcode 14.0";
			developmentRegion = en;
			hasScannedForEncodings = 0;
			knownRegions = (
				en,
				Base,
			);
			mainGroup = 469975052A27CA2D005231CC;
			packageReferences = (
				4C9571BE2A99401D003061B6 /* XCRemoteSwiftPackageReference "firebase-ios-sdk" */,
			);
			productRefGroup = 4699750F2A27CA2D005231CC /* Products */;
			projectDirPath = "";
			projectRoot = "";
			targets = (
				4699750D2A27CA2D005231CC /* KazanSings */,
			);
		};
/* End PBXProject section */

/* Begin PBXResourcesBuildPhase section */
		4699750C2A27CA2D005231CC /* Resources */ = {
			isa = PBXResourcesBuildPhase;
			buildActionMask = 2147483647;
			files = (
				4699751E2A27CA2E005231CC /* LaunchScreen.storyboard in Resources */,
				4C9571BD2A9939F5003061B6 /* GoogleService-Info.plist in Resources */,
				4699751B2A27CA2E005231CC /* Assets.xcassets in Resources */,
				469975192A27CA2D005231CC /* Main.storyboard in Resources */,
			);
			runOnlyForDeploymentPostprocessing = 0;
		};
/* End PBXResourcesBuildPhase section */

/* Begin PBXShellScriptBuildPhase section */
		46E2300A2A828AFC00B24D1D /* ShellScript */ = {
			isa = PBXShellScriptBuildPhase;
			buildActionMask = 8;
			files = (
			);
			inputFileListPaths = (
				"",
				"",
			);
			inputPaths = (
				"$(SRCROOT)/${DWARF_DSYM_FOLDER_PATH}/${DWARF_DSYM_FILE_NAME}",
				"$(SRCROOT)/${DWARF_DSYM_FOLDER_PATH}/${DWARF_DSYM_FILE_NAME}/Contents/Resources/DWARF/${PRODUCT_NAME}",
				"$(SRCROOT)/${DWARF_DSYM_FOLDER_PATH}/${DWARF_DSYM_FILE_NAME}/Contents/Info.plist",
				"$(SRCROOT)/$(BUILT_PRODUCTS_DIR)/$(UNLOCALIZED_RESOURCES_FOLDER_PATH)/GoogleService-Info.plist",
				"$(SRCROOT)/$(BUILT_PRODUCTS_DIR)/$(EXECUTABLE_PATH)",
			);
			outputFileListPaths = (
			);
			outputPaths = (
				"",
			);
			runOnlyForDeploymentPostprocessing = 1;
			shellPath = /bin/sh;
			shellScript = "\"${BUILD_DIR%/Build/*}/SourcePackages/checkouts/firebase-ios-sdk/Crashlytics/run\"\n";
		};
/* End PBXShellScriptBuildPhase section */

/* Begin PBXSourcesBuildPhase section */
		4699750A2A27CA2D005231CC /* Sources */ = {
			isa = PBXSourcesBuildPhase;
			buildActionMask = 2147483647;
			files = (
				468B39D72A2D24F9004E0017 /* AboutApp.swift in Sources */,
				4C69ABC92A2CB35D009F00CB /* TimerViewController.swift in Sources */,
				4C9441602A28C36C0069F70E /* StreamViewController.swift in Sources */,
				4C2C4FFB2A2F9D0B0030C24C /* BitRateManager.swift in Sources */,
				4C2C4FF72A2F603D0030C24C /* BitRate.swift in Sources */,
				469975122A27CA2D005231CC /* AppDelegate.swift in Sources */,
				468B39D92A2D266E004E0017 /* AboutAppViewController.swift in Sources */,
				4CB515D82A2BEC7400F9E4EC /* Ext + Alert.swift in Sources */,
				4C2C4FF92A2F7F0F0030C24C /* BitRateViewController.swift in Sources */,
				4C9571C82A994FB0003061B6 /* FirebaseManager.swift in Sources */,
				4C9441622A28C3AE0069F70E /* BaseNavigationController.swift in Sources */,
				4C48AA202A2A1B38003DABA5 /* InfoTableViewController.swift in Sources */,
				4C1038452A2DC272006A2C08 /* TimerManager.swift in Sources */,
				4C39C18C2A27D4CB00A71265 /* InfoList.swift in Sources */,
				4CB515DA2A2C0E5600F9E4EC /* Mail Ext + InfoTableVC.swift in Sources */,
				469975142A27CA2D005231CC /* SceneDelegate.swift in Sources */,
				463A7B112A30916000563903 /* FounderViewController.swift in Sources */,
				460F80332A2BFD6F00F7A55B /* ShareSheet.swift in Sources */,
				466F96A22A2E69D6009279C6 /* AboutUsTableViewController.swift in Sources */,
				4C8D44C42A98ECEE00CE0B14 /* AudioManager.swift in Sources */,
				466F96A02A2E638A009279C6 /* AboutUs.swift in Sources */,
			);
			runOnlyForDeploymentPostprocessing = 0;
		};
/* End PBXSourcesBuildPhase section */

/* Begin PBXVariantGroup section */
		469975172A27CA2D005231CC /* Main.storyboard */ = {
			isa = PBXVariantGroup;
			children = (
				469975182A27CA2D005231CC /* Base */,
			);
			name = Main.storyboard;
			sourceTree = "<group>";
		};
		4699751C2A27CA2E005231CC /* LaunchScreen.storyboard */ = {
			isa = PBXVariantGroup;
			children = (
				4699751D2A27CA2E005231CC /* Base */,
			);
			name = LaunchScreen.storyboard;
			sourceTree = "<group>";
		};
/* End PBXVariantGroup section */

/* Begin XCBuildConfiguration section */
		469975202A27CA2E005231CC /* Debug */ = {
			isa = XCBuildConfiguration;
			buildSettings = {
				ALWAYS_SEARCH_USER_PATHS = NO;
				CLANG_ANALYZER_NONNULL = YES;
				CLANG_ANALYZER_NUMBER_OBJECT_CONVERSION = YES_AGGRESSIVE;
				CLANG_CXX_LANGUAGE_STANDARD = "gnu++20";
				CLANG_ENABLE_MODULES = YES;
				CLANG_ENABLE_OBJC_ARC = YES;
				CLANG_ENABLE_OBJC_WEAK = YES;
				CLANG_WARN_BLOCK_CAPTURE_AUTORELEASING = YES;
				CLANG_WARN_BOOL_CONVERSION = YES;
				CLANG_WARN_COMMA = YES;
				CLANG_WARN_CONSTANT_CONVERSION = YES;
				CLANG_WARN_DEPRECATED_OBJC_IMPLEMENTATIONS = YES;
				CLANG_WARN_DIRECT_OBJC_ISA_USAGE = YES_ERROR;
				CLANG_WARN_DOCUMENTATION_COMMENTS = YES;
				CLANG_WARN_EMPTY_BODY = YES;
				CLANG_WARN_ENUM_CONVERSION = YES;
				CLANG_WARN_INFINITE_RECURSION = YES;
				CLANG_WARN_INT_CONVERSION = YES;
				CLANG_WARN_NON_LITERAL_NULL_CONVERSION = YES;
				CLANG_WARN_OBJC_IMPLICIT_RETAIN_SELF = YES;
				CLANG_WARN_OBJC_LITERAL_CONVERSION = YES;
				CLANG_WARN_OBJC_ROOT_CLASS = YES_ERROR;
				CLANG_WARN_QUOTED_INCLUDE_IN_FRAMEWORK_HEADER = YES;
				CLANG_WARN_RANGE_LOOP_ANALYSIS = YES;
				CLANG_WARN_STRICT_PROTOTYPES = YES;
				CLANG_WARN_SUSPICIOUS_MOVE = YES;
				CLANG_WARN_UNGUARDED_AVAILABILITY = YES_AGGRESSIVE;
				CLANG_WARN_UNREACHABLE_CODE = YES;
				CLANG_WARN__DUPLICATE_METHOD_MATCH = YES;
				COPY_PHASE_STRIP = NO;
				DEBUG_INFORMATION_FORMAT = dwarf;
				ENABLE_STRICT_OBJC_MSGSEND = YES;
				ENABLE_TESTABILITY = YES;
				GCC_C_LANGUAGE_STANDARD = gnu11;
				GCC_DYNAMIC_NO_PIC = NO;
				GCC_NO_COMMON_BLOCKS = YES;
				GCC_OPTIMIZATION_LEVEL = 0;
				GCC_PREPROCESSOR_DEFINITIONS = (
					"DEBUG=1",
					"$(inherited)",
				);
				GCC_WARN_64_TO_32_BIT_CONVERSION = YES;
				GCC_WARN_ABOUT_RETURN_TYPE = YES_ERROR;
				GCC_WARN_UNDECLARED_SELECTOR = YES;
				GCC_WARN_UNINITIALIZED_AUTOS = YES_AGGRESSIVE;
				GCC_WARN_UNUSED_FUNCTION = YES;
				GCC_WARN_UNUSED_VARIABLE = YES;
				IPHONEOS_DEPLOYMENT_TARGET = 16.2;
				MTL_ENABLE_DEBUG_INFO = INCLUDE_SOURCE;
				MTL_FAST_MATH = YES;
				ONLY_ACTIVE_ARCH = YES;
				SDKROOT = iphoneos;
				SWIFT_ACTIVE_COMPILATION_CONDITIONS = DEBUG;
				SWIFT_OPTIMIZATION_LEVEL = "-Onone";
			};
			name = Debug;
		};
		469975212A27CA2E005231CC /* Release */ = {
			isa = XCBuildConfiguration;
			buildSettings = {
				ALWAYS_SEARCH_USER_PATHS = NO;
				CLANG_ANALYZER_NONNULL = YES;
				CLANG_ANALYZER_NUMBER_OBJECT_CONVERSION = YES_AGGRESSIVE;
				CLANG_CXX_LANGUAGE_STANDARD = "gnu++20";
				CLANG_ENABLE_MODULES = YES;
				CLANG_ENABLE_OBJC_ARC = YES;
				CLANG_ENABLE_OBJC_WEAK = YES;
				CLANG_WARN_BLOCK_CAPTURE_AUTORELEASING = YES;
				CLANG_WARN_BOOL_CONVERSION = YES;
				CLANG_WARN_COMMA = YES;
				CLANG_WARN_CONSTANT_CONVERSION = YES;
				CLANG_WARN_DEPRECATED_OBJC_IMPLEMENTATIONS = YES;
				CLANG_WARN_DIRECT_OBJC_ISA_USAGE = YES_ERROR;
				CLANG_WARN_DOCUMENTATION_COMMENTS = YES;
				CLANG_WARN_EMPTY_BODY = YES;
				CLANG_WARN_ENUM_CONVERSION = YES;
				CLANG_WARN_INFINITE_RECURSION = YES;
				CLANG_WARN_INT_CONVERSION = YES;
				CLANG_WARN_NON_LITERAL_NULL_CONVERSION = YES;
				CLANG_WARN_OBJC_IMPLICIT_RETAIN_SELF = YES;
				CLANG_WARN_OBJC_LITERAL_CONVERSION = YES;
				CLANG_WARN_OBJC_ROOT_CLASS = YES_ERROR;
				CLANG_WARN_QUOTED_INCLUDE_IN_FRAMEWORK_HEADER = YES;
				CLANG_WARN_RANGE_LOOP_ANALYSIS = YES;
				CLANG_WARN_STRICT_PROTOTYPES = YES;
				CLANG_WARN_SUSPICIOUS_MOVE = YES;
				CLANG_WARN_UNGUARDED_AVAILABILITY = YES_AGGRESSIVE;
				CLANG_WARN_UNREACHABLE_CODE = YES;
				CLANG_WARN__DUPLICATE_METHOD_MATCH = YES;
				COPY_PHASE_STRIP = NO;
				DEBUG_INFORMATION_FORMAT = "dwarf-with-dsym";
				ENABLE_NS_ASSERTIONS = NO;
				ENABLE_STRICT_OBJC_MSGSEND = YES;
				GCC_C_LANGUAGE_STANDARD = gnu11;
				GCC_NO_COMMON_BLOCKS = YES;
				GCC_WARN_64_TO_32_BIT_CONVERSION = YES;
				GCC_WARN_ABOUT_RETURN_TYPE = YES_ERROR;
				GCC_WARN_UNDECLARED_SELECTOR = YES;
				GCC_WARN_UNINITIALIZED_AUTOS = YES_AGGRESSIVE;
				GCC_WARN_UNUSED_FUNCTION = YES;
				GCC_WARN_UNUSED_VARIABLE = YES;
				IPHONEOS_DEPLOYMENT_TARGET = 16.2;
				MTL_ENABLE_DEBUG_INFO = NO;
				MTL_FAST_MATH = YES;
				SDKROOT = iphoneos;
				SWIFT_COMPILATION_MODE = wholemodule;
				SWIFT_OPTIMIZATION_LEVEL = "-O";
				VALIDATE_PRODUCT = YES;
			};
			name = Release;
		};
		469975232A27CA2E005231CC /* Debug */ = {
			isa = XCBuildConfiguration;
			buildSettings = {
				ASSETCATALOG_COMPILER_APPICON_NAME = AppIcon;
				ASSETCATALOG_COMPILER_GLOBAL_ACCENT_COLOR_NAME = AccentColor;
				CODE_SIGN_STYLE = Automatic;
				CURRENT_PROJECT_VERSION = 2;
				DEBUG_INFORMATION_FORMAT = "dwarf-with-dsym";
				DEVELOPMENT_TEAM = 6DCRFKN8GP;
				GENERATE_INFOPLIST_FILE = YES;
				INFOPLIST_FILE = KazanSings/Application/Info.plist;
				INFOPLIST_KEY_CFBundleDisplayName = KazanSings;
				INFOPLIST_KEY_UIApplicationSupportsIndirectInputEvents = YES;
				INFOPLIST_KEY_UILaunchStoryboardName = LaunchScreen;
				INFOPLIST_KEY_UIMainStoryboardFile = Main;
				INFOPLIST_KEY_UISupportedInterfaceOrientations = UIInterfaceOrientationPortrait;
				INFOPLIST_KEY_UISupportedInterfaceOrientations_iPad = "UIInterfaceOrientationLandscapeLeft UIInterfaceOrientationLandscapeRight UIInterfaceOrientationPortrait UIInterfaceOrientationPortraitUpsideDown";
				IPHONEOS_DEPLOYMENT_TARGET = 14.4;
				LD_RUNPATH_SEARCH_PATHS = (
					"$(inherited)",
					"@executable_path/Frameworks",
				);
				MARKETING_VERSION = 1.0;
				PRODUCT_BUNDLE_IDENTIFIER = com.smartactive.KazanSings;
				PRODUCT_NAME = KazanSings;
				SUPPORTED_PLATFORMS = "iphoneos iphonesimulator";
				SUPPORTS_MACCATALYST = NO;
				SUPPORTS_MAC_DESIGNED_FOR_IPHONE_IPAD = NO;
				SWIFT_EMIT_LOC_STRINGS = YES;
				SWIFT_VERSION = 5.0;
				TARGETED_DEVICE_FAMILY = 1;
			};
			name = Debug;
		};
		469975242A27CA2E005231CC /* Release */ = {
			isa = XCBuildConfiguration;
			buildSettings = {
				ASSETCATALOG_COMPILER_APPICON_NAME = AppIcon;
				ASSETCATALOG_COMPILER_GLOBAL_ACCENT_COLOR_NAME = AccentColor;
				CODE_SIGN_STYLE = Automatic;
				CURRENT_PROJECT_VERSION = 2;
				DEBUG_INFORMATION_FORMAT = "dwarf-with-dsym";
				DEVELOPMENT_TEAM = 6DCRFKN8GP;
				GENERATE_INFOPLIST_FILE = YES;
				INFOPLIST_FILE = KazanSings/Application/Info.plist;
				INFOPLIST_KEY_CFBundleDisplayName = KazanSings;
				INFOPLIST_KEY_UIApplicationSupportsIndirectInputEvents = YES;
				INFOPLIST_KEY_UILaunchStoryboardName = LaunchScreen;
				INFOPLIST_KEY_UIMainStoryboardFile = Main;
				INFOPLIST_KEY_UISupportedInterfaceOrientations = UIInterfaceOrientationPortrait;
				INFOPLIST_KEY_UISupportedInterfaceOrientations_iPad = "UIInterfaceOrientationLandscapeLeft UIInterfaceOrientationLandscapeRight UIInterfaceOrientationPortrait UIInterfaceOrientationPortraitUpsideDown";
				IPHONEOS_DEPLOYMENT_TARGET = 14.4;
				LD_RUNPATH_SEARCH_PATHS = (
					"$(inherited)",
					"@executable_path/Frameworks",
				);
				MARKETING_VERSION = 1.0;
				PRODUCT_BUNDLE_IDENTIFIER = com.smartactive.KazanSings;
				PRODUCT_NAME = KazanSings;
				SUPPORTED_PLATFORMS = "iphoneos iphonesimulator";
				SUPPORTS_MACCATALYST = NO;
				SUPPORTS_MAC_DESIGNED_FOR_IPHONE_IPAD = NO;
				SWIFT_EMIT_LOC_STRINGS = YES;
				SWIFT_VERSION = 5.0;
				TARGETED_DEVICE_FAMILY = 1;
			};
			name = Release;
		};
/* End XCBuildConfiguration section */

/* Begin XCConfigurationList section */
		469975092A27CA2D005231CC /* Build configuration list for PBXProject "KazanSings" */ = {
			isa = XCConfigurationList;
			buildConfigurations = (
				469975202A27CA2E005231CC /* Debug */,
				469975212A27CA2E005231CC /* Release */,
			);
			defaultConfigurationIsVisible = 0;
			defaultConfigurationName = Release;
		};
		469975222A27CA2E005231CC /* Build configuration list for PBXNativeTarget "KazanSings" */ = {
			isa = XCConfigurationList;
			buildConfigurations = (
				469975232A27CA2E005231CC /* Debug */,
				469975242A27CA2E005231CC /* Release */,
			);
			defaultConfigurationIsVisible = 0;
			defaultConfigurationName = Release;
		};
/* End XCConfigurationList section */

/* Begin XCRemoteSwiftPackageReference section */
		4C9571BE2A99401D003061B6 /* XCRemoteSwiftPackageReference "firebase-ios-sdk" */ = {
			isa = XCRemoteSwiftPackageReference;
			repositoryURL = "https://github.com/firebase/firebase-ios-sdk";
			requirement = {
				kind = upToNextMajorVersion;
				minimumVersion = 10.0.0;
			};
		};
/* End XCRemoteSwiftPackageReference section */

/* Begin XCSwiftPackageProductDependency section */
		4C9571BF2A99401D003061B6 /* FirebaseAnalytics */ = {
			isa = XCSwiftPackageProductDependency;
			package = 4C9571BE2A99401D003061B6 /* XCRemoteSwiftPackageReference "firebase-ios-sdk" */;
			productName = FirebaseAnalytics;
		};
		4C9571C12A99401D003061B6 /* FirebaseFirestore */ = {
			isa = XCSwiftPackageProductDependency;
			package = 4C9571BE2A99401D003061B6 /* XCRemoteSwiftPackageReference "firebase-ios-sdk" */;
			productName = FirebaseFirestore;
		};
		4C9571C32A99401D003061B6 /* FirebaseRemoteConfig */ = {
			isa = XCSwiftPackageProductDependency;
			package = 4C9571BE2A99401D003061B6 /* XCRemoteSwiftPackageReference "firebase-ios-sdk" */;
			productName = FirebaseRemoteConfig;
		};
		4C9571C52A99401D003061B6 /* FirebaseStorage */ = {
			isa = XCSwiftPackageProductDependency;
			package = 4C9571BE2A99401D003061B6 /* XCRemoteSwiftPackageReference "firebase-ios-sdk" */;
			productName = FirebaseStorage;
		};
/* End XCSwiftPackageProductDependency section */
	};
	rootObject = 469975062A27CA2D005231CC /* Project object */;
}
